
Microsoft Visual Studio Solution File, Format Version 12.00
# Visual Studio Version 17
VisualStudioVersion = 17.2.32516.85
MinimumVisualStudioVersion = 10.0.40219.1
Project("{FAE04EC0-301F-11D3-BF4B-00C04F79EFBC}") = "proj18Aula3", "proj18Aula3\proj18Aula3.csproj", "{6E4EFC17-7DAC-43BA-B4E4-7864D408327C}"
EndProject
Global
	GlobalSection(SolutionConfigurationPlatforms) = preSolution
		Debug|Any CPU = Debug|Any CPU
		Release|Any CPU = Release|Any CPU
	EndGlobalSection
	GlobalSection(ProjectConfigurationPlatforms) = postSolution
		{6E4EFC17-7DAC-43BA-B4E4-7864D408327C}.Debug|Any CPU.ActiveCfg = Debug|Any CPU
		{6E4EFC17-7DAC-43BA-B4E4-7864D408327C}.Debug|Any CPU.Build.0 = Debug|Any CPU
		{6E4EFC17-7DAC-43BA-B4E4-7864D408327C}.Release|Any CPU.ActiveCfg = Release|Any CPU
		{6E4EFC17-7DAC-43BA-B4E4-7864D408327C}.Release|Any CPU.Build.0 = Release|Any CPU
	EndGlobalSection
	GlobalSection(SolutionProperties) = preSolution
		HideSolutionNode = FALSE
	EndGlobalSection
	GlobalSection(ExtensibilityGlobals) = postSolution
		SolutionGuid = {91E31C3B-1B00-4A27-A08F-9BACEF56B2C1}
	EndGlobalSection
EndGlobal
