
Microsoft Visual Studio Solution File, Format Version 12.00
# Visual Studio Version 17
VisualStudioVersion = 17.2.32516.85
MinimumVisualStudioVersion = 10.0.40219.1
Project("{FAE04EC0-301F-11D3-BF4B-00C04F79EFBC}") = "proj5Aula3", "proj5Aula3\proj5Aula3.csproj", "{617134C3-FBF8-4B7F-AD78-418B82B1858D}"
EndProject
Global
	GlobalSection(SolutionConfigurationPlatforms) = preSolution
		Debug|Any CPU = Debug|Any CPU
		Release|Any CPU = Release|Any CPU
	EndGlobalSection
	GlobalSection(ProjectConfigurationPlatforms) = postSolution
		{617134C3-FBF8-4B7F-AD78-418B82B1858D}.Debug|Any CPU.ActiveCfg = Debug|Any CPU
		{617134C3-FBF8-4B7F-AD78-418B82B1858D}.Debug|Any CPU.Build.0 = Debug|Any CPU
		{617134C3-FBF8-4B7F-AD78-418B82B1858D}.Release|Any CPU.ActiveCfg = Release|Any CPU
		{617134C3-FBF8-4B7F-AD78-418B82B1858D}.Release|Any CPU.Build.0 = Release|Any CPU
	EndGlobalSection
	GlobalSection(SolutionProperties) = preSolution
		HideSolutionNode = FALSE
	EndGlobalSection
	GlobalSection(ExtensibilityGlobals) = postSolution
		SolutionGuid = {8F8AB39E-E554-451D-BBE7-88E140711EEE}
	EndGlobalSection
EndGlobal
