
Microsoft Visual Studio Solution File, Format Version 12.00
# Visual Studio Version 17
VisualStudioVersion = 17.2.32516.85
MinimumVisualStudioVersion = 10.0.40219.1
Project("{FAE04EC0-301F-11D3-BF4B-00C04F79EFBC}") = "proj6Aula2", "proj6Aula2\proj6Aula2.csproj", "{C957FA1B-DDD6-4F01-AD3D-1A81D2B4F7F9}"
EndProject
Global
	GlobalSection(SolutionConfigurationPlatforms) = preSolution
		Debug|Any CPU = Debug|Any CPU
		Release|Any CPU = Release|Any CPU
	EndGlobalSection
	GlobalSection(ProjectConfigurationPlatforms) = postSolution
		{C957FA1B-DDD6-4F01-AD3D-1A81D2B4F7F9}.Debug|Any CPU.ActiveCfg = Debug|Any CPU
		{C957FA1B-DDD6-4F01-AD3D-1A81D2B4F7F9}.Debug|Any CPU.Build.0 = Debug|Any CPU
		{C957FA1B-DDD6-4F01-AD3D-1A81D2B4F7F9}.Release|Any CPU.ActiveCfg = Release|Any CPU
		{C957FA1B-DDD6-4F01-AD3D-1A81D2B4F7F9}.Release|Any CPU.Build.0 = Release|Any CPU
	EndGlobalSection
	GlobalSection(SolutionProperties) = preSolution
		HideSolutionNode = FALSE
	EndGlobalSection
	GlobalSection(ExtensibilityGlobals) = postSolution
		SolutionGuid = {AD7F9D55-B5DA-44AE-B535-3F87AE165A05}
	EndGlobalSection
EndGlobal
