
Microsoft Visual Studio Solution File, Format Version 12.00
# Visual Studio Version 17
VisualStudioVersion = 17.2.32516.85
MinimumVisualStudioVersion = 10.0.40219.1
Project("{FAE04EC0-301F-11D3-BF4B-00C04F79EFBC}") = "proj3Aula3", "proj3Aula3\proj3Aula3.csproj", "{D9CC8279-6A5C-4BB9-B4C8-3FD7D92CD4A5}"
EndProject
Global
	GlobalSection(SolutionConfigurationPlatforms) = preSolution
		Debug|Any CPU = Debug|Any CPU
		Release|Any CPU = Release|Any CPU
	EndGlobalSection
	GlobalSection(ProjectConfigurationPlatforms) = postSolution
		{D9CC8279-6A5C-4BB9-B4C8-3FD7D92CD4A5}.Debug|Any CPU.ActiveCfg = Debug|Any CPU
		{D9CC8279-6A5C-4BB9-B4C8-3FD7D92CD4A5}.Debug|Any CPU.Build.0 = Debug|Any CPU
		{D9CC8279-6A5C-4BB9-B4C8-3FD7D92CD4A5}.Release|Any CPU.ActiveCfg = Release|Any CPU
		{D9CC8279-6A5C-4BB9-B4C8-3FD7D92CD4A5}.Release|Any CPU.Build.0 = Release|Any CPU
	EndGlobalSection
	GlobalSection(SolutionProperties) = preSolution
		HideSolutionNode = FALSE
	EndGlobalSection
	GlobalSection(ExtensibilityGlobals) = postSolution
		SolutionGuid = {9F3F0E51-5B2E-457D-95AC-9F175C91E85D}
	EndGlobalSection
EndGlobal
