
Microsoft Visual Studio Solution File, Format Version 12.00
# Visual Studio Version 17
VisualStudioVersion = 17.2.32516.85
MinimumVisualStudioVersion = 10.0.40219.1
Project("{FAE04EC0-301F-11D3-BF4B-00C04F79EFBC}") = "proj8Aula4", "proj8Aula4\proj8Aula4.csproj", "{97B386A8-BE0A-46D9-8D8A-D389F44F07CD}"
EndProject
Global
	GlobalSection(SolutionConfigurationPlatforms) = preSolution
		Debug|Any CPU = Debug|Any CPU
		Release|Any CPU = Release|Any CPU
	EndGlobalSection
	GlobalSection(ProjectConfigurationPlatforms) = postSolution
		{97B386A8-BE0A-46D9-8D8A-D389F44F07CD}.Debug|Any CPU.ActiveCfg = Debug|Any CPU
		{97B386A8-BE0A-46D9-8D8A-D389F44F07CD}.Debug|Any CPU.Build.0 = Debug|Any CPU
		{97B386A8-BE0A-46D9-8D8A-D389F44F07CD}.Release|Any CPU.ActiveCfg = Release|Any CPU
		{97B386A8-BE0A-46D9-8D8A-D389F44F07CD}.Release|Any CPU.Build.0 = Release|Any CPU
	EndGlobalSection
	GlobalSection(SolutionProperties) = preSolution
		HideSolutionNode = FALSE
	EndGlobalSection
	GlobalSection(ExtensibilityGlobals) = postSolution
		SolutionGuid = {7AE26EC2-02F9-4171-993B-3D73EC947CF9}
	EndGlobalSection
EndGlobal
