
Microsoft Visual Studio Solution File, Format Version 12.00
# Visual Studio Version 17
VisualStudioVersion = 17.2.32516.85
MinimumVisualStudioVersion = 10.0.40219.1
Project("{FAE04EC0-301F-11D3-BF4B-00C04F79EFBC}") = "proj4Aula2", "proj4Aula2\proj4Aula2.csproj", "{0657AA73-EDFC-4F3A-8195-82C1F14F3430}"
EndProject
Global
	GlobalSection(SolutionConfigurationPlatforms) = preSolution
		Debug|Any CPU = Debug|Any CPU
		Release|Any CPU = Release|Any CPU
	EndGlobalSection
	GlobalSection(ProjectConfigurationPlatforms) = postSolution
		{0657AA73-EDFC-4F3A-8195-82C1F14F3430}.Debug|Any CPU.ActiveCfg = Debug|Any CPU
		{0657AA73-EDFC-4F3A-8195-82C1F14F3430}.Debug|Any CPU.Build.0 = Debug|Any CPU
		{0657AA73-EDFC-4F3A-8195-82C1F14F3430}.Release|Any CPU.ActiveCfg = Release|Any CPU
		{0657AA73-EDFC-4F3A-8195-82C1F14F3430}.Release|Any CPU.Build.0 = Release|Any CPU
	EndGlobalSection
	GlobalSection(SolutionProperties) = preSolution
		HideSolutionNode = FALSE
	EndGlobalSection
	GlobalSection(ExtensibilityGlobals) = postSolution
		SolutionGuid = {55CB49CB-9E47-4639-A0A9-F39AB678185C}
	EndGlobalSection
EndGlobal
