
Microsoft Visual Studio Solution File, Format Version 12.00
# Visual Studio Version 17
VisualStudioVersion = 17.2.32516.85
MinimumVisualStudioVersion = 10.0.40219.1
Project("{FAE04EC0-301F-11D3-BF4B-00C04F79EFBC}") = "proj15Aula3", "proj15Aula3\proj15Aula3.csproj", "{0E28F5FF-9227-41CA-A639-5A26ACDCB10F}"
EndProject
Global
	GlobalSection(SolutionConfigurationPlatforms) = preSolution
		Debug|Any CPU = Debug|Any CPU
		Release|Any CPU = Release|Any CPU
	EndGlobalSection
	GlobalSection(ProjectConfigurationPlatforms) = postSolution
		{0E28F5FF-9227-41CA-A639-5A26ACDCB10F}.Debug|Any CPU.ActiveCfg = Debug|Any CPU
		{0E28F5FF-9227-41CA-A639-5A26ACDCB10F}.Debug|Any CPU.Build.0 = Debug|Any CPU
		{0E28F5FF-9227-41CA-A639-5A26ACDCB10F}.Release|Any CPU.ActiveCfg = Release|Any CPU
		{0E28F5FF-9227-41CA-A639-5A26ACDCB10F}.Release|Any CPU.Build.0 = Release|Any CPU
	EndGlobalSection
	GlobalSection(SolutionProperties) = preSolution
		HideSolutionNode = FALSE
	EndGlobalSection
	GlobalSection(ExtensibilityGlobals) = postSolution
		SolutionGuid = {856610DE-395B-48F6-A390-3A418038E56B}
	EndGlobalSection
EndGlobal
