
Microsoft Visual Studio Solution File, Format Version 12.00
# Visual Studio Version 17
VisualStudioVersion = 17.2.32516.85
MinimumVisualStudioVersion = 10.0.40219.1
Project("{FAE04EC0-301F-11D3-BF4B-00C04F79EFBC}") = "Aula02", "Aula02\Aula02.csproj", "{D04D1B34-374B-41B2-972C-571CF4D3EC9A}"
EndProject
Global
	GlobalSection(SolutionConfigurationPlatforms) = preSolution
		Debug|Any CPU = Debug|Any CPU
		Release|Any CPU = Release|Any CPU
	EndGlobalSection
	GlobalSection(ProjectConfigurationPlatforms) = postSolution
		{D04D1B34-374B-41B2-972C-571CF4D3EC9A}.Debug|Any CPU.ActiveCfg = Debug|Any CPU
		{D04D1B34-374B-41B2-972C-571CF4D3EC9A}.Debug|Any CPU.Build.0 = Debug|Any CPU
		{D04D1B34-374B-41B2-972C-571CF4D3EC9A}.Release|Any CPU.ActiveCfg = Release|Any CPU
		{D04D1B34-374B-41B2-972C-571CF4D3EC9A}.Release|Any CPU.Build.0 = Release|Any CPU
	EndGlobalSection
	GlobalSection(SolutionProperties) = preSolution
		HideSolutionNode = FALSE
	EndGlobalSection
	GlobalSection(ExtensibilityGlobals) = postSolution
		SolutionGuid = {296F36DB-54CF-4373-95F9-70096ABC7B4F}
	EndGlobalSection
EndGlobal
