
Microsoft Visual Studio Solution File, Format Version 12.00
# Visual Studio Version 17
VisualStudioVersion = 17.2.32516.85
MinimumVisualStudioVersion = 10.0.40219.1
Project("{FAE04EC0-301F-11D3-BF4B-00C04F79EFBC}") = "proj4Aula4", "proj4Aula4\proj4Aula4.csproj", "{2FB185DF-9CD0-413B-B14B-A05A59EDE899}"
EndProject
Global
	GlobalSection(SolutionConfigurationPlatforms) = preSolution
		Debug|Any CPU = Debug|Any CPU
		Release|Any CPU = Release|Any CPU
	EndGlobalSection
	GlobalSection(ProjectConfigurationPlatforms) = postSolution
		{2FB185DF-9CD0-413B-B14B-A05A59EDE899}.Debug|Any CPU.ActiveCfg = Debug|Any CPU
		{2FB185DF-9CD0-413B-B14B-A05A59EDE899}.Debug|Any CPU.Build.0 = Debug|Any CPU
		{2FB185DF-9CD0-413B-B14B-A05A59EDE899}.Release|Any CPU.ActiveCfg = Release|Any CPU
		{2FB185DF-9CD0-413B-B14B-A05A59EDE899}.Release|Any CPU.Build.0 = Release|Any CPU
	EndGlobalSection
	GlobalSection(SolutionProperties) = preSolution
		HideSolutionNode = FALSE
	EndGlobalSection
	GlobalSection(ExtensibilityGlobals) = postSolution
		SolutionGuid = {92FB6D70-7BA9-4EC4-9CCE-72FEEA0CD0E4}
	EndGlobalSection
EndGlobal
