
Microsoft Visual Studio Solution File, Format Version 12.00
# Visual Studio Version 17
VisualStudioVersion = 17.2.32516.85
MinimumVisualStudioVersion = 10.0.40219.1
Project("{FAE04EC0-301F-11D3-BF4B-00C04F79EFBC}") = "proj2Aula3", "proj2Aula3\proj2Aula3.csproj", "{C6241AE7-73D8-4FAB-81F8-34FCCC544D00}"
EndProject
Global
	GlobalSection(SolutionConfigurationPlatforms) = preSolution
		Debug|Any CPU = Debug|Any CPU
		Release|Any CPU = Release|Any CPU
	EndGlobalSection
	GlobalSection(ProjectConfigurationPlatforms) = postSolution
		{C6241AE7-73D8-4FAB-81F8-34FCCC544D00}.Debug|Any CPU.ActiveCfg = Debug|Any CPU
		{C6241AE7-73D8-4FAB-81F8-34FCCC544D00}.Debug|Any CPU.Build.0 = Debug|Any CPU
		{C6241AE7-73D8-4FAB-81F8-34FCCC544D00}.Release|Any CPU.ActiveCfg = Release|Any CPU
		{C6241AE7-73D8-4FAB-81F8-34FCCC544D00}.Release|Any CPU.Build.0 = Release|Any CPU
	EndGlobalSection
	GlobalSection(SolutionProperties) = preSolution
		HideSolutionNode = FALSE
	EndGlobalSection
	GlobalSection(ExtensibilityGlobals) = postSolution
		SolutionGuid = {CF1E3CE7-9C30-4D48-83DF-BE5789AA6B34}
	EndGlobalSection
EndGlobal
