
Microsoft Visual Studio Solution File, Format Version 12.00
# Visual Studio Version 17
VisualStudioVersion = 17.2.32516.85
MinimumVisualStudioVersion = 10.0.40219.1
Project("{FAE04EC0-301F-11D3-BF4B-00C04F79EFBC}") = "proj13Aula4", "proj13Aula4\proj13Aula4.csproj", "{BF9DD8F9-D8D9-4B11-A04A-49A10C4BC453}"
EndProject
Global
	GlobalSection(SolutionConfigurationPlatforms) = preSolution
		Debug|Any CPU = Debug|Any CPU
		Release|Any CPU = Release|Any CPU
	EndGlobalSection
	GlobalSection(ProjectConfigurationPlatforms) = postSolution
		{BF9DD8F9-D8D9-4B11-A04A-49A10C4BC453}.Debug|Any CPU.ActiveCfg = Debug|Any CPU
		{BF9DD8F9-D8D9-4B11-A04A-49A10C4BC453}.Debug|Any CPU.Build.0 = Debug|Any CPU
		{BF9DD8F9-D8D9-4B11-A04A-49A10C4BC453}.Release|Any CPU.ActiveCfg = Release|Any CPU
		{BF9DD8F9-D8D9-4B11-A04A-49A10C4BC453}.Release|Any CPU.Build.0 = Release|Any CPU
	EndGlobalSection
	GlobalSection(SolutionProperties) = preSolution
		HideSolutionNode = FALSE
	EndGlobalSection
	GlobalSection(ExtensibilityGlobals) = postSolution
		SolutionGuid = {F34F58E3-0996-4243-BABD-1DB6D796FD73}
	EndGlobalSection
EndGlobal
