
Microsoft Visual Studio Solution File, Format Version 12.00
# Visual Studio Version 17
VisualStudioVersion = 17.2.32516.85
MinimumVisualStudioVersion = 10.0.40219.1
Project("{FAE04EC0-301F-11D3-BF4B-00C04F79EFBC}") = "proj9Aula2", "proj9Aula2\proj9Aula2.csproj", "{3D872934-0797-44AB-8A47-DD520DC6A493}"
EndProject
Global
	GlobalSection(SolutionConfigurationPlatforms) = preSolution
		Debug|Any CPU = Debug|Any CPU
		Release|Any CPU = Release|Any CPU
	EndGlobalSection
	GlobalSection(ProjectConfigurationPlatforms) = postSolution
		{3D872934-0797-44AB-8A47-DD520DC6A493}.Debug|Any CPU.ActiveCfg = Debug|Any CPU
		{3D872934-0797-44AB-8A47-DD520DC6A493}.Debug|Any CPU.Build.0 = Debug|Any CPU
		{3D872934-0797-44AB-8A47-DD520DC6A493}.Release|Any CPU.ActiveCfg = Release|Any CPU
		{3D872934-0797-44AB-8A47-DD520DC6A493}.Release|Any CPU.Build.0 = Release|Any CPU
	EndGlobalSection
	GlobalSection(SolutionProperties) = preSolution
		HideSolutionNode = FALSE
	EndGlobalSection
	GlobalSection(ExtensibilityGlobals) = postSolution
		SolutionGuid = {87C5A2A8-A63A-4B3B-8E7D-891048B04E1A}
	EndGlobalSection
EndGlobal
