
Microsoft Visual Studio Solution File, Format Version 12.00
# Visual Studio Version 17
VisualStudioVersion = 17.2.32516.85
MinimumVisualStudioVersion = 10.0.40219.1
Project("{FAE04EC0-301F-11D3-BF4B-00C04F79EFBC}") = "proj6Aula3", "proj6Aula3\proj6Aula3.csproj", "{C5FB2862-0FD8-472E-83E2-F91926315B74}"
EndProject
Global
	GlobalSection(SolutionConfigurationPlatforms) = preSolution
		Debug|Any CPU = Debug|Any CPU
		Release|Any CPU = Release|Any CPU
	EndGlobalSection
	GlobalSection(ProjectConfigurationPlatforms) = postSolution
		{C5FB2862-0FD8-472E-83E2-F91926315B74}.Debug|Any CPU.ActiveCfg = Debug|Any CPU
		{C5FB2862-0FD8-472E-83E2-F91926315B74}.Debug|Any CPU.Build.0 = Debug|Any CPU
		{C5FB2862-0FD8-472E-83E2-F91926315B74}.Release|Any CPU.ActiveCfg = Release|Any CPU
		{C5FB2862-0FD8-472E-83E2-F91926315B74}.Release|Any CPU.Build.0 = Release|Any CPU
	EndGlobalSection
	GlobalSection(SolutionProperties) = preSolution
		HideSolutionNode = FALSE
	EndGlobalSection
	GlobalSection(ExtensibilityGlobals) = postSolution
		SolutionGuid = {FF7F286E-2428-494A-B8A9-DF63B217C7B7}
	EndGlobalSection
EndGlobal
