
Microsoft Visual Studio Solution File, Format Version 12.00
# Visual Studio Version 17
VisualStudioVersion = 17.2.32516.85
MinimumVisualStudioVersion = 10.0.40219.1
Project("{FAE04EC0-301F-11D3-BF4B-00C04F79EFBC}") = "proj5Aula2", "proj5Aula2\proj5Aula2.csproj", "{C4B32D6A-E534-4074-8383-8F23D3578EFA}"
EndProject
Global
	GlobalSection(SolutionConfigurationPlatforms) = preSolution
		Debug|Any CPU = Debug|Any CPU
		Release|Any CPU = Release|Any CPU
	EndGlobalSection
	GlobalSection(ProjectConfigurationPlatforms) = postSolution
		{C4B32D6A-E534-4074-8383-8F23D3578EFA}.Debug|Any CPU.ActiveCfg = Debug|Any CPU
		{C4B32D6A-E534-4074-8383-8F23D3578EFA}.Debug|Any CPU.Build.0 = Debug|Any CPU
		{C4B32D6A-E534-4074-8383-8F23D3578EFA}.Release|Any CPU.ActiveCfg = Release|Any CPU
		{C4B32D6A-E534-4074-8383-8F23D3578EFA}.Release|Any CPU.Build.0 = Release|Any CPU
	EndGlobalSection
	GlobalSection(SolutionProperties) = preSolution
		HideSolutionNode = FALSE
	EndGlobalSection
	GlobalSection(ExtensibilityGlobals) = postSolution
		SolutionGuid = {A9CD7611-0082-40D1-A4DD-73248DF1F20F}
	EndGlobalSection
EndGlobal
