
Microsoft Visual Studio Solution File, Format Version 12.00
# Visual Studio Version 17
VisualStudioVersion = 17.2.32516.85
MinimumVisualStudioVersion = 10.0.40219.1
Project("{FAE04EC0-301F-11D3-BF4B-00C04F79EFBC}") = "proj21Aula3", "proj21Aula3\proj21Aula3.csproj", "{26E8A00D-7A40-4EA7-98A1-72A720A8D8FE}"
EndProject
Global
	GlobalSection(SolutionConfigurationPlatforms) = preSolution
		Debug|Any CPU = Debug|Any CPU
		Release|Any CPU = Release|Any CPU
	EndGlobalSection
	GlobalSection(ProjectConfigurationPlatforms) = postSolution
		{26E8A00D-7A40-4EA7-98A1-72A720A8D8FE}.Debug|Any CPU.ActiveCfg = Debug|Any CPU
		{26E8A00D-7A40-4EA7-98A1-72A720A8D8FE}.Debug|Any CPU.Build.0 = Debug|Any CPU
		{26E8A00D-7A40-4EA7-98A1-72A720A8D8FE}.Release|Any CPU.ActiveCfg = Release|Any CPU
		{26E8A00D-7A40-4EA7-98A1-72A720A8D8FE}.Release|Any CPU.Build.0 = Release|Any CPU
	EndGlobalSection
	GlobalSection(SolutionProperties) = preSolution
		HideSolutionNode = FALSE
	EndGlobalSection
	GlobalSection(ExtensibilityGlobals) = postSolution
		SolutionGuid = {4A555D04-0B70-4B2A-9ACB-320FA5FF1877}
	EndGlobalSection
EndGlobal
