
Microsoft Visual Studio Solution File, Format Version 12.00
# Visual Studio Version 17
VisualStudioVersion = 17.2.32516.85
MinimumVisualStudioVersion = 10.0.40219.1
Project("{FAE04EC0-301F-11D3-BF4B-00C04F79EFBC}") = "proj10Aula3", "proj10Aula3\proj10Aula3.csproj", "{D2FC3C23-529B-4574-BF29-C1A8172366BA}"
EndProject
Global
	GlobalSection(SolutionConfigurationPlatforms) = preSolution
		Debug|Any CPU = Debug|Any CPU
		Release|Any CPU = Release|Any CPU
	EndGlobalSection
	GlobalSection(ProjectConfigurationPlatforms) = postSolution
		{D2FC3C23-529B-4574-BF29-C1A8172366BA}.Debug|Any CPU.ActiveCfg = Debug|Any CPU
		{D2FC3C23-529B-4574-BF29-C1A8172366BA}.Debug|Any CPU.Build.0 = Debug|Any CPU
		{D2FC3C23-529B-4574-BF29-C1A8172366BA}.Release|Any CPU.ActiveCfg = Release|Any CPU
		{D2FC3C23-529B-4574-BF29-C1A8172366BA}.Release|Any CPU.Build.0 = Release|Any CPU
	EndGlobalSection
	GlobalSection(SolutionProperties) = preSolution
		HideSolutionNode = FALSE
	EndGlobalSection
	GlobalSection(ExtensibilityGlobals) = postSolution
		SolutionGuid = {7AEB735F-5E24-416A-85A6-61BE61F4BB8F}
	EndGlobalSection
EndGlobal
