
Microsoft Visual Studio Solution File, Format Version 12.00
# Visual Studio Version 17
VisualStudioVersion = 17.2.32516.85
MinimumVisualStudioVersion = 10.0.40219.1
Project("{FAE04EC0-301F-11D3-BF4B-00C04F79EFBC}") = "proj16Aula4", "proj16Aula4\proj16Aula4.csproj", "{8BF44ED0-5A68-46DF-81FD-06740465544F}"
EndProject
Global
	GlobalSection(SolutionConfigurationPlatforms) = preSolution
		Debug|Any CPU = Debug|Any CPU
		Release|Any CPU = Release|Any CPU
	EndGlobalSection
	GlobalSection(ProjectConfigurationPlatforms) = postSolution
		{8BF44ED0-5A68-46DF-81FD-06740465544F}.Debug|Any CPU.ActiveCfg = Debug|Any CPU
		{8BF44ED0-5A68-46DF-81FD-06740465544F}.Debug|Any CPU.Build.0 = Debug|Any CPU
		{8BF44ED0-5A68-46DF-81FD-06740465544F}.Release|Any CPU.ActiveCfg = Release|Any CPU
		{8BF44ED0-5A68-46DF-81FD-06740465544F}.Release|Any CPU.Build.0 = Release|Any CPU
	EndGlobalSection
	GlobalSection(SolutionProperties) = preSolution
		HideSolutionNode = FALSE
	EndGlobalSection
	GlobalSection(ExtensibilityGlobals) = postSolution
		SolutionGuid = {7B5EDE1B-764C-4D74-B77D-23C8137B2F5B}
	EndGlobalSection
EndGlobal
