
Microsoft Visual Studio Solution File, Format Version 12.00
# Visual Studio Version 17
VisualStudioVersion = 17.2.32516.85
MinimumVisualStudioVersion = 10.0.40219.1
Project("{FAE04EC0-301F-11D3-BF4B-00C04F79EFBC}") = "proj19Aula3", "proj19Aula3\proj19Aula3.csproj", "{EC15C1D0-4B95-40E3-B059-FD535D19314B}"
EndProject
Global
	GlobalSection(SolutionConfigurationPlatforms) = preSolution
		Debug|Any CPU = Debug|Any CPU
		Release|Any CPU = Release|Any CPU
	EndGlobalSection
	GlobalSection(ProjectConfigurationPlatforms) = postSolution
		{EC15C1D0-4B95-40E3-B059-FD535D19314B}.Debug|Any CPU.ActiveCfg = Debug|Any CPU
		{EC15C1D0-4B95-40E3-B059-FD535D19314B}.Debug|Any CPU.Build.0 = Debug|Any CPU
		{EC15C1D0-4B95-40E3-B059-FD535D19314B}.Release|Any CPU.ActiveCfg = Release|Any CPU
		{EC15C1D0-4B95-40E3-B059-FD535D19314B}.Release|Any CPU.Build.0 = Release|Any CPU
	EndGlobalSection
	GlobalSection(SolutionProperties) = preSolution
		HideSolutionNode = FALSE
	EndGlobalSection
	GlobalSection(ExtensibilityGlobals) = postSolution
		SolutionGuid = {E2C6C152-0413-4635-BEEA-E1EA6E88AE30}
	EndGlobalSection
EndGlobal
