
Microsoft Visual Studio Solution File, Format Version 12.00
# Visual Studio Version 17
VisualStudioVersion = 17.2.32516.85
MinimumVisualStudioVersion = 10.0.40219.1
Project("{FAE04EC0-301F-11D3-BF4B-00C04F79EFBC}") = "proj1Aula4", "proj1Aula4\proj1Aula4.csproj", "{AB51EAC6-1E6E-4A08-9411-A66E5968314C}"
EndProject
Global
	GlobalSection(SolutionConfigurationPlatforms) = preSolution
		Debug|Any CPU = Debug|Any CPU
		Release|Any CPU = Release|Any CPU
	EndGlobalSection
	GlobalSection(ProjectConfigurationPlatforms) = postSolution
		{AB51EAC6-1E6E-4A08-9411-A66E5968314C}.Debug|Any CPU.ActiveCfg = Debug|Any CPU
		{AB51EAC6-1E6E-4A08-9411-A66E5968314C}.Debug|Any CPU.Build.0 = Debug|Any CPU
		{AB51EAC6-1E6E-4A08-9411-A66E5968314C}.Release|Any CPU.ActiveCfg = Release|Any CPU
		{AB51EAC6-1E6E-4A08-9411-A66E5968314C}.Release|Any CPU.Build.0 = Release|Any CPU
	EndGlobalSection
	GlobalSection(SolutionProperties) = preSolution
		HideSolutionNode = FALSE
	EndGlobalSection
	GlobalSection(ExtensibilityGlobals) = postSolution
		SolutionGuid = {89F5F9A6-E57E-4BFE-AFBA-5EAE41A80D8A}
	EndGlobalSection
EndGlobal
