
Microsoft Visual Studio Solution File, Format Version 12.00
# Visual Studio Version 17
VisualStudioVersion = 17.2.32516.85
MinimumVisualStudioVersion = 10.0.40219.1
Project("{FAE04EC0-301F-11D3-BF4B-00C04F79EFBC}") = "proj5Aula5", "proj5Aula5\proj5Aula5.csproj", "{4C76CA79-2324-416E-8BD4-F06543D1C1DC}"
EndProject
Global
	GlobalSection(SolutionConfigurationPlatforms) = preSolution
		Debug|Any CPU = Debug|Any CPU
		Release|Any CPU = Release|Any CPU
	EndGlobalSection
	GlobalSection(ProjectConfigurationPlatforms) = postSolution
		{4C76CA79-2324-416E-8BD4-F06543D1C1DC}.Debug|Any CPU.ActiveCfg = Debug|Any CPU
		{4C76CA79-2324-416E-8BD4-F06543D1C1DC}.Debug|Any CPU.Build.0 = Debug|Any CPU
		{4C76CA79-2324-416E-8BD4-F06543D1C1DC}.Release|Any CPU.ActiveCfg = Release|Any CPU
		{4C76CA79-2324-416E-8BD4-F06543D1C1DC}.Release|Any CPU.Build.0 = Release|Any CPU
	EndGlobalSection
	GlobalSection(SolutionProperties) = preSolution
		HideSolutionNode = FALSE
	EndGlobalSection
	GlobalSection(ExtensibilityGlobals) = postSolution
		SolutionGuid = {1576B91B-5E89-4A3E-825F-8262DA933E3C}
	EndGlobalSection
EndGlobal
