
Microsoft Visual Studio Solution File, Format Version 12.00
# Visual Studio Version 17
VisualStudioVersion = 17.2.32516.85
MinimumVisualStudioVersion = 10.0.40219.1
Project("{FAE04EC0-301F-11D3-BF4B-00C04F79EFBC}") = "proj2Aula4", "proj2Aula4\proj2Aula4.csproj", "{40D64A4C-5034-475F-88A0-0174DBCC9B2E}"
EndProject
Global
	GlobalSection(SolutionConfigurationPlatforms) = preSolution
		Debug|Any CPU = Debug|Any CPU
		Release|Any CPU = Release|Any CPU
	EndGlobalSection
	GlobalSection(ProjectConfigurationPlatforms) = postSolution
		{40D64A4C-5034-475F-88A0-0174DBCC9B2E}.Debug|Any CPU.ActiveCfg = Debug|Any CPU
		{40D64A4C-5034-475F-88A0-0174DBCC9B2E}.Debug|Any CPU.Build.0 = Debug|Any CPU
		{40D64A4C-5034-475F-88A0-0174DBCC9B2E}.Release|Any CPU.ActiveCfg = Release|Any CPU
		{40D64A4C-5034-475F-88A0-0174DBCC9B2E}.Release|Any CPU.Build.0 = Release|Any CPU
	EndGlobalSection
	GlobalSection(SolutionProperties) = preSolution
		HideSolutionNode = FALSE
	EndGlobalSection
	GlobalSection(ExtensibilityGlobals) = postSolution
		SolutionGuid = {8972D737-42D7-459C-B097-3B3D7C7A18BE}
	EndGlobalSection
EndGlobal
